[root]
name = "05-how-about-a-nice-game-of-chess"
version = "0.1.0"
dependencies = [
 "hex 0.2.0 (registry+https://github.com/rust-lang/crates.io-index)",
 "md5 0.2.1 (registry+https://github.com/rust-lang/crates.io-index)",
]

[[package]]
name = "hex"
version = "0.2.0"
source = "registry+https://github.com/rust-lang/crates.io-index"

[[package]]
name = "md5"
version = "0.2.1"
source = "registry+https://github.com/rust-lang/crates.io-index"

[metadata]
"checksum hex 0.2.0 (registry+https://github.com/rust-lang/crates.io-index)" = "d6a22814455d41612f41161581c2883c0c6a1c41852729b17d5ed88f01e153aa"
"checksum md5 0.2.1 (registry+https://github.com/rust-lang/crates.io-index)" = "7df230903ccdffd6b3b4ec21624498ea64c912ce50297846907f0b8e1bb249dd"
